
Microsoft Visual Studio Solution File, Format Version 12.00
# Visual Studio Version 16
VisualStudioVersion = 16.0.31613.86
MinimumVisualStudioVersion = 10.0.40219.1
Project("{2150E333-8FDC-42A3-9474-1A3956D46DE8}") = "1 - Domain", "1 - Domain", "{CE2E0B40-36C2-412B-B2DE-22B5F4EDED07}"
EndProject
Project("{2150E333-8FDC-42A3-9474-1A3956D46DE8}") = "2 - Persistence", "2 - Persistence", "{54EA4AA4-D1FC-4FF1-8184-409774D08D9D}"
EndProject
Project("{2150E333-8FDC-42A3-9474-1A3956D46DE8}") = "3 - Service", "3 - Service", "{1B3F70E8-160B-46AA-8FE2-BF42A8028841}"
EndProject
Project("{2150E333-8FDC-42A3-9474-1A3956D46DE8}") = "4 - Infrastructure", "4 - Infrastructure", "{F2C766F4-53E9-438C-B70B-F5774C1DAC2A}"
EndProject
Project("{2150E333-8FDC-42A3-9474-1A3956D46DE8}") = "5 - Presentation", "5 - Presentation", "{8D6CE9A6-1608-434B-8F3A-62AF500325A0}"
EndProject
Project("{FAE04EC0-301F-11D3-BF4B-00C04F79EFBC}") = "Domain.Configration", "Domain.Configration\Domain.Configration.csproj", "{7B62CECA-6855-4E7C-AD19-5BF8EEB46681}"
EndProject
Project("{FAE04EC0-301F-11D3-BF4B-00C04F79EFBC}") = "Domain.Entities", "Domain.Entities\Domain.Entities.csproj", "{B306CE00-0991-4295-8277-770AF9D38254}"
EndProject
Project("{FAE04EC0-301F-11D3-BF4B-00C04F79EFBC}") = "Persistence.IRepository", "Persistence.IRepository\Persistence.IRepository.csproj", "{FA05EEEF-241E-4EC8-9598-8741D3F12DD7}"
EndProject
Project("{FAE04EC0-301F-11D3-BF4B-00C04F79EFBC}") = "Persistence.Repository", "Persistence.Repository\Persistence.Repository.csproj", "{2C584E3B-F3ED-4858-A084-CCEA53397A5A}"
EndProject
Project("{FAE04EC0-301F-11D3-BF4B-00C04F79EFBC}") = "Infrastructure.Configration", "Infrastructure.Configration\Infrastructure.Configration.csproj", "{9395AED9-7063-4EAE-B58A-35EA4B4292D2}"
EndProject
Project("{FAE04EC0-301F-11D3-BF4B-00C04F79EFBC}") = "Infrastructure.ViewModel", "Infrastructure.ViewModel\Infrastructure.ViewModel.csproj", "{9EC8D9CB-C482-486B-BE17-4C5086E6C1AD}"
EndProject
Project("{FAE04EC0-301F-11D3-BF4B-00C04F79EFBC}") = "Service.Data", "Service.Data\Service.Data.csproj", "{265A14A8-3FAB-4562-83C6-E7BBA2AC4B5D}"
EndProject
Project("{FAE04EC0-301F-11D3-BF4B-00C04F79EFBC}") = "Service.Interface", "Service.Interface\Service.Interface.csproj", "{0FC4236F-F31B-40E9-B43B-A06B001182E0}"
EndProject
Project("{FAE04EC0-301F-11D3-BF4B-00C04F79EFBC}") = "MusalaTask", "MusalaTask\MusalaTask.csproj", "{6AECBCF9-23EF-4189-9494-8BCDCB26BC88}"
EndProject
Global
	GlobalSection(SolutionConfigurationPlatforms) = preSolution
		Debug|Any CPU = Debug|Any CPU
		Release|Any CPU = Release|Any CPU
	EndGlobalSection
	GlobalSection(ProjectConfigurationPlatforms) = postSolution
		{7B62CECA-6855-4E7C-AD19-5BF8EEB46681}.Debug|Any CPU.ActiveCfg = Debug|Any CPU
		{7B62CECA-6855-4E7C-AD19-5BF8EEB46681}.Debug|Any CPU.Build.0 = Debug|Any CPU
		{7B62CECA-6855-4E7C-AD19-5BF8EEB46681}.Release|Any CPU.ActiveCfg = Release|Any CPU
		{7B62CECA-6855-4E7C-AD19-5BF8EEB46681}.Release|Any CPU.Build.0 = Release|Any CPU
		{B306CE00-0991-4295-8277-770AF9D38254}.Debug|Any CPU.ActiveCfg = Debug|Any CPU
		{B306CE00-0991-4295-8277-770AF9D38254}.Debug|Any CPU.Build.0 = Debug|Any CPU
		{B306CE00-0991-4295-8277-770AF9D38254}.Release|Any CPU.ActiveCfg = Release|Any CPU
		{B306CE00-0991-4295-8277-770AF9D38254}.Release|Any CPU.Build.0 = Release|Any CPU
		{FA05EEEF-241E-4EC8-9598-8741D3F12DD7}.Debug|Any CPU.ActiveCfg = Debug|Any CPU
		{FA05EEEF-241E-4EC8-9598-8741D3F12DD7}.Debug|Any CPU.Build.0 = Debug|Any CPU
		{FA05EEEF-241E-4EC8-9598-8741D3F12DD7}.Release|Any CPU.ActiveCfg = Release|Any CPU
		{FA05EEEF-241E-4EC8-9598-8741D3F12DD7}.Release|Any CPU.Build.0 = Release|Any CPU
		{2C584E3B-F3ED-4858-A084-CCEA53397A5A}.Debug|Any CPU.ActiveCfg = Debug|Any CPU
		{2C584E3B-F3ED-4858-A084-CCEA53397A5A}.Debug|Any CPU.Build.0 = Debug|Any CPU
		{2C584E3B-F3ED-4858-A084-CCEA53397A5A}.Release|Any CPU.ActiveCfg = Release|Any CPU
		{2C584E3B-F3ED-4858-A084-CCEA53397A5A}.Release|Any CPU.Build.0 = Release|Any CPU
		{9395AED9-7063-4EAE-B58A-35EA4B4292D2}.Debug|Any CPU.ActiveCfg = Debug|Any CPU
		{9395AED9-7063-4EAE-B58A-35EA4B4292D2}.Debug|Any CPU.Build.0 = Debug|Any CPU
		{9395AED9-7063-4EAE-B58A-35EA4B4292D2}.Release|Any CPU.ActiveCfg = Release|Any CPU
		{9395AED9-7063-4EAE-B58A-35EA4B4292D2}.Release|Any CPU.Build.0 = Release|Any CPU
		{9EC8D9CB-C482-486B-BE17-4C5086E6C1AD}.Debug|Any CPU.ActiveCfg = Debug|Any CPU
		{9EC8D9CB-C482-486B-BE17-4C5086E6C1AD}.Debug|Any CPU.Build.0 = Debug|Any CPU
		{9EC8D9CB-C482-486B-BE17-4C5086E6C1AD}.Release|Any CPU.ActiveCfg = Release|Any CPU
		{9EC8D9CB-C482-486B-BE17-4C5086E6C1AD}.Release|Any CPU.Build.0 = Release|Any CPU
		{265A14A8-3FAB-4562-83C6-E7BBA2AC4B5D}.Debug|Any CPU.ActiveCfg = Debug|Any CPU
		{265A14A8-3FAB-4562-83C6-E7BBA2AC4B5D}.Debug|Any CPU.Build.0 = Debug|Any CPU
		{265A14A8-3FAB-4562-83C6-E7BBA2AC4B5D}.Release|Any CPU.ActiveCfg = Release|Any CPU
		{265A14A8-3FAB-4562-83C6-E7BBA2AC4B5D}.Release|Any CPU.Build.0 = Release|Any CPU
		{0FC4236F-F31B-40E9-B43B-A06B001182E0}.Debug|Any CPU.ActiveCfg = Debug|Any CPU
		{0FC4236F-F31B-40E9-B43B-A06B001182E0}.Debug|Any CPU.Build.0 = Debug|Any CPU
		{0FC4236F-F31B-40E9-B43B-A06B001182E0}.Release|Any CPU.ActiveCfg = Release|Any CPU
		{0FC4236F-F31B-40E9-B43B-A06B001182E0}.Release|Any CPU.Build.0 = Release|Any CPU
		{6AECBCF9-23EF-4189-9494-8BCDCB26BC88}.Debug|Any CPU.ActiveCfg = Debug|Any CPU
		{6AECBCF9-23EF-4189-9494-8BCDCB26BC88}.Debug|Any CPU.Build.0 = Debug|Any CPU
		{6AECBCF9-23EF-4189-9494-8BCDCB26BC88}.Release|Any CPU.ActiveCfg = Release|Any CPU
		{6AECBCF9-23EF-4189-9494-8BCDCB26BC88}.Release|Any CPU.Build.0 = Release|Any CPU
	EndGlobalSection
	GlobalSection(SolutionProperties) = preSolution
		HideSolutionNode = FALSE
	EndGlobalSection
	GlobalSection(NestedProjects) = preSolution
		{7B62CECA-6855-4E7C-AD19-5BF8EEB46681} = {CE2E0B40-36C2-412B-B2DE-22B5F4EDED07}
		{B306CE00-0991-4295-8277-770AF9D38254} = {CE2E0B40-36C2-412B-B2DE-22B5F4EDED07}
		{FA05EEEF-241E-4EC8-9598-8741D3F12DD7} = {54EA4AA4-D1FC-4FF1-8184-409774D08D9D}
		{2C584E3B-F3ED-4858-A084-CCEA53397A5A} = {54EA4AA4-D1FC-4FF1-8184-409774D08D9D}
		{9395AED9-7063-4EAE-B58A-35EA4B4292D2} = {F2C766F4-53E9-438C-B70B-F5774C1DAC2A}
		{9EC8D9CB-C482-486B-BE17-4C5086E6C1AD} = {F2C766F4-53E9-438C-B70B-F5774C1DAC2A}
		{265A14A8-3FAB-4562-83C6-E7BBA2AC4B5D} = {1B3F70E8-160B-46AA-8FE2-BF42A8028841}
		{0FC4236F-F31B-40E9-B43B-A06B001182E0} = {1B3F70E8-160B-46AA-8FE2-BF42A8028841}
		{6AECBCF9-23EF-4189-9494-8BCDCB26BC88} = {8D6CE9A6-1608-434B-8F3A-62AF500325A0}
	EndGlobalSection
	GlobalSection(ExtensibilityGlobals) = postSolution
		SolutionGuid = {CFF50B30-07C5-4DDD-9EA8-539BF0E0F5E7}
	EndGlobalSection
EndGlobal
